
Microsoft Visual Studio Solution File, Format Version 12.00
# Visual Studio Version 16
VisualStudioVersion = 16.0.31025.194
MinimumVisualStudioVersion = 10.0.40219.1
Project("{FAE04EC0-301F-11D3-BF4B-00C04F79EFBC}") = "heranca", "heranca\heranca.csproj", "{1CF39F0E-A626-4C66-B0C7-2A98AB887AF6}"
EndProject
Global
	GlobalSection(SolutionConfigurationPlatforms) = preSolution
		Debug|Any CPU = Debug|Any CPU
		Release|Any CPU = Release|Any CPU
	EndGlobalSection
	GlobalSection(ProjectConfigurationPlatforms) = postSolution
		{1CF39F0E-A626-4C66-B0C7-2A98AB887AF6}.Debug|Any CPU.ActiveCfg = Debug|Any CPU
		{1CF39F0E-A626-4C66-B0C7-2A98AB887AF6}.Debug|Any CPU.Build.0 = Debug|Any CPU
		{1CF39F0E-A626-4C66-B0C7-2A98AB887AF6}.Release|Any CPU.ActiveCfg = Release|Any CPU
		{1CF39F0E-A626-4C66-B0C7-2A98AB887AF6}.Release|Any CPU.Build.0 = Release|Any CPU
	EndGlobalSection
	GlobalSection(SolutionProperties) = preSolution
		HideSolutionNode = FALSE
	EndGlobalSection
	GlobalSection(ExtensibilityGlobals) = postSolution
		SolutionGuid = {DC5A43EE-B7AC-4652-BA2D-D30052B534D5}
	EndGlobalSection
EndGlobal
